
Microsoft Visual Studio Solution File, Format Version 12.00
# Visual Studio Version 17
VisualStudioVersion = 17.0.31903.59
MinimumVisualStudioVersion = 10.0.40219.1
Project("{FAE04EC0-301F-11D3-BF4B-00C04F79EFBC}") = "CAAutomationHub.Wpf", "src\CAAutomationHub.Wpf\CAAutomationHub.Wpf.csproj", "{C1D1E0A8-5F87-4987-8D6A-FD8152F43DC5}"
EndProject
Project("{2150E333-8FDC-42A3-9474-1A3956D46DE8}") = "tests", "tests", "{0AB3BF05-4346-4AA6-1389-037BE0695223}"
EndProject
Project("{FAE04EC0-301F-11D3-BF4B-00C04F79EFBC}") = "CAAutomationHub.Wpf.Tests", "tests\CAAutomationHub.Wpf.Tests\CAAutomationHub.Wpf.Tests.csproj", "{574DF3E1-66E5-4279-BA63-0B2D719F98FD}"
EndProject
Project("{2150E333-8FDC-42A3-9474-1A3956D46DE8}") = "src", "src", "{827E0CD3-B72D-47B6-A68D-7590B98EB39B}"
EndProject
Project("{FAE04EC0-301F-11D3-BF4B-00C04F79EFBC}") = "CAAutomationHub.Contracts", "src\CAAutomationHub.Contracts\CAAutomationHub.Contracts.csproj", "{198C616D-E12B-4A2A-9077-FA0334710AC7}"
EndProject
Project("{FAE04EC0-301F-11D3-BF4B-00C04F79EFBC}") = "CAAutomationHub.Runtime", "src\CAAutomationHub.Runtime\CAAutomationHub.Runtime.csproj", "{9669D909-4BE0-4845-B060-C3B1F59FEDE1}"
EndProject
Project("{FAE04EC0-301F-11D3-BF4B-00C04F79EFBC}") = "CAAutomationHub.Runtime.Tests", "tests\CAAutomationHub.Runtime.Tests\CAAutomationHub.Runtime.Tests.csproj", "{88DEC7A0-333F-4BEB-9789-3050CE8E379C}"
EndProject
Project("{FAE04EC0-301F-11D3-BF4B-00C04F79EFBC}") = "CAAutomationHub.FlowDefinitions", "src\CAAutomationHub.FlowDefinitions\CAAutomationHub.FlowDefinitions.csproj", "{95A3FB7A-00E9-4918-8992-A29D2A5A3B38}"
EndProject
Project("{FAE04EC0-301F-11D3-BF4B-00C04F79EFBC}") = "CAAutomationHub.PilotFlows", "src\CAAutomationHub.PilotFlows\CAAutomationHub.PilotFlows.csproj", "{DDA9DD17-7CC3-4ED8-8B3E-2D3D72A94732}"
EndProject
Project("{FAE04EC0-301F-11D3-BF4B-00C04F79EFBC}") = "CAAutomationHub.PilotFlows.Tests", "tests\CAAutomationHub.PilotFlows.Tests\CAAutomationHub.PilotFlows.Tests.csproj", "{5FDD4C20-05CA-43A7-A707-53FAD352A0AD}"
EndProject
Project("{FAE04EC0-301F-11D3-BF4B-00C04F79EFBC}") = "CAAutomationHub.PilotFlows.Xgt", "src\CAAutomationHub.PilotFlows.Xgt\CAAutomationHub.PilotFlows.Xgt.csproj", "{5B1A02FF-1FC2-4990-8A77-0F27A46F4BA3}"
EndProject
Project("{FAE04EC0-301F-11D3-BF4B-00C04F79EFBC}") = "CAAutomationHub.PilotFlows.Xgt.Tests", "tests\CAAutomationHub.PilotFlows.Xgt.Tests\CAAutomationHub.PilotFlows.Xgt.Tests.csproj", "{9FC295EF-866F-4D7E-8A6D-84B638C3C3E3}"
EndProject
Project("{FAE04EC0-301F-11D3-BF4B-00C04F79EFBC}") = "CAAutomationHub.PilotApp", "src\CAAutomationHub.PilotApp\CAAutomationHub.PilotApp.csproj", "{E3A05F51-D4A4-48E7-8FBF-5DD8F493F60B}"
EndProject
Project("{FAE04EC0-301F-11D3-BF4B-00C04F79EFBC}") = "CAAutomationHub.PilotApp.Tests", "tests\CAAutomationHub.PilotApp.Tests\CAAutomationHub.PilotApp.Tests.csproj", "{4D862FF0-0667-400B-8E61-ED006BE890C2}"
EndProject
Global
	GlobalSection(SolutionConfigurationPlatforms) = preSolution
		Debug|Any CPU = Debug|Any CPU
		Debug|x64 = Debug|x64
		Debug|x86 = Debug|x86
		Release|Any CPU = Release|Any CPU
		Release|x64 = Release|x64
		Release|x86 = Release|x86
	EndGlobalSection
	GlobalSection(ProjectConfigurationPlatforms) = postSolution
		{C1D1E0A8-5F87-4987-8D6A-FD8152F43DC5}.Debug|Any CPU.ActiveCfg = Debug|Any CPU
		{C1D1E0A8-5F87-4987-8D6A-FD8152F43DC5}.Debug|Any CPU.Build.0 = Debug|Any CPU
		{C1D1E0A8-5F87-4987-8D6A-FD8152F43DC5}.Debug|x64.ActiveCfg = Debug|Any CPU
		{C1D1E0A8-5F87-4987-8D6A-FD8152F43DC5}.Debug|x64.Build.0 = Debug|Any CPU
		{C1D1E0A8-5F87-4987-8D6A-FD8152F43DC5}.Debug|x86.ActiveCfg = Debug|Any CPU
		{C1D1E0A8-5F87-4987-8D6A-FD8152F43DC5}.Debug|x86.Build.0 = Debug|Any CPU
		{C1D1E0A8-5F87-4987-8D6A-FD8152F43DC5}.Release|Any CPU.ActiveCfg = Release|Any CPU
		{C1D1E0A8-5F87-4987-8D6A-FD8152F43DC5}.Release|Any CPU.Build.0 = Release|Any CPU
		{C1D1E0A8-5F87-4987-8D6A-FD8152F43DC5}.Release|x64.ActiveCfg = Release|Any CPU
		{C1D1E0A8-5F87-4987-8D6A-FD8152F43DC5}.Release|x64.Build.0 = Release|Any CPU
		{C1D1E0A8-5F87-4987-8D6A-FD8152F43DC5}.Release|x86.ActiveCfg = Release|Any CPU
		{C1D1E0A8-5F87-4987-8D6A-FD8152F43DC5}.Release|x86.Build.0 = Release|Any CPU
		{574DF3E1-66E5-4279-BA63-0B2D719F98FD}.Debug|Any CPU.ActiveCfg = Debug|Any CPU
		{574DF3E1-66E5-4279-BA63-0B2D719F98FD}.Debug|Any CPU.Build.0 = Debug|Any CPU
		{574DF3E1-66E5-4279-BA63-0B2D719F98FD}.Debug|x64.ActiveCfg = Debug|Any CPU
		{574DF3E1-66E5-4279-BA63-0B2D719F98FD}.Debug|x64.Build.0 = Debug|Any CPU
		{574DF3E1-66E5-4279-BA63-0B2D719F98FD}.Debug|x86.ActiveCfg = Debug|Any CPU
		{574DF3E1-66E5-4279-BA63-0B2D719F98FD}.Debug|x86.Build.0 = Debug|Any CPU
		{574DF3E1-66E5-4279-BA63-0B2D719F98FD}.Release|Any CPU.ActiveCfg = Release|Any CPU
		{574DF3E1-66E5-4279-BA63-0B2D719F98FD}.Release|Any CPU.Build.0 = Release|Any CPU
		{574DF3E1-66E5-4279-BA63-0B2D719F98FD}.Release|x64.ActiveCfg = Release|Any CPU
		{574DF3E1-66E5-4279-BA63-0B2D719F98FD}.Release|x64.Build.0 = Release|Any CPU
		{574DF3E1-66E5-4279-BA63-0B2D719F98FD}.Release|x86.ActiveCfg = Release|Any CPU
		{574DF3E1-66E5-4279-BA63-0B2D719F98FD}.Release|x86.Build.0 = Release|Any CPU
		{198C616D-E12B-4A2A-9077-FA0334710AC7}.Debug|Any CPU.ActiveCfg = Debug|Any CPU
		{198C616D-E12B-4A2A-9077-FA0334710AC7}.Debug|Any CPU.Build.0 = Debug|Any CPU
		{198C616D-E12B-4A2A-9077-FA0334710AC7}.Debug|x64.ActiveCfg = Debug|Any CPU
		{198C616D-E12B-4A2A-9077-FA0334710AC7}.Debug|x64.Build.0 = Debug|Any CPU
		{198C616D-E12B-4A2A-9077-FA0334710AC7}.Debug|x86.ActiveCfg = Debug|Any CPU
		{198C616D-E12B-4A2A-9077-FA0334710AC7}.Debug|x86.Build.0 = Debug|Any CPU
		{198C616D-E12B-4A2A-9077-FA0334710AC7}.Release|Any CPU.ActiveCfg = Release|Any CPU
		{198C616D-E12B-4A2A-9077-FA0334710AC7}.Release|Any CPU.Build.0 = Release|Any CPU
		{198C616D-E12B-4A2A-9077-FA0334710AC7}.Release|x64.ActiveCfg = Release|Any CPU
		{198C616D-E12B-4A2A-9077-FA0334710AC7}.Release|x64.Build.0 = Release|Any CPU
		{198C616D-E12B-4A2A-9077-FA0334710AC7}.Release|x86.ActiveCfg = Release|Any CPU
		{198C616D-E12B-4A2A-9077-FA0334710AC7}.Release|x86.Build.0 = Release|Any CPU
		{9669D909-4BE0-4845-B060-C3B1F59FEDE1}.Debug|Any CPU.ActiveCfg = Debug|Any CPU
		{9669D909-4BE0-4845-B060-C3B1F59FEDE1}.Debug|Any CPU.Build.0 = Debug|Any CPU
		{9669D909-4BE0-4845-B060-C3B1F59FEDE1}.Debug|x64.ActiveCfg = Debug|Any CPU
		{9669D909-4BE0-4845-B060-C3B1F59FEDE1}.Debug|x64.Build.0 = Debug|Any CPU
		{9669D909-4BE0-4845-B060-C3B1F59FEDE1}.Debug|x86.ActiveCfg = Debug|Any CPU
		{9669D909-4BE0-4845-B060-C3B1F59FEDE1}.Debug|x86.Build.0 = Debug|Any CPU
		{9669D909-4BE0-4845-B060-C3B1F59FEDE1}.Release|Any CPU.ActiveCfg = Release|Any CPU
		{9669D909-4BE0-4845-B060-C3B1F59FEDE1}.Release|Any CPU.Build.0 = Release|Any CPU
		{9669D909-4BE0-4845-B060-C3B1F59FEDE1}.Release|x64.ActiveCfg = Release|Any CPU
		{9669D909-4BE0-4845-B060-C3B1F59FEDE1}.Release|x64.Build.0 = Release|Any CPU
		{9669D909-4BE0-4845-B060-C3B1F59FEDE1}.Release|x86.ActiveCfg = Release|Any CPU
		{9669D909-4BE0-4845-B060-C3B1F59FEDE1}.Release|x86.Build.0 = Release|Any CPU
		{88DEC7A0-333F-4BEB-9789-3050CE8E379C}.Debug|Any CPU.ActiveCfg = Debug|Any CPU
		{88DEC7A0-333F-4BEB-9789-3050CE8E379C}.Debug|Any CPU.Build.0 = Debug|Any CPU
		{88DEC7A0-333F-4BEB-9789-3050CE8E379C}.Debug|x64.ActiveCfg = Debug|Any CPU
		{88DEC7A0-333F-4BEB-9789-3050CE8E379C}.Debug|x64.Build.0 = Debug|Any CPU
		{88DEC7A0-333F-4BEB-9789-3050CE8E379C}.Debug|x86.ActiveCfg = Debug|Any CPU
		{88DEC7A0-333F-4BEB-9789-3050CE8E379C}.Debug|x86.Build.0 = Debug|Any CPU
		{88DEC7A0-333F-4BEB-9789-3050CE8E379C}.Release|Any CPU.ActiveCfg = Release|Any CPU
		{88DEC7A0-333F-4BEB-9789-3050CE8E379C}.Release|Any CPU.Build.0 = Release|Any CPU
		{88DEC7A0-333F-4BEB-9789-3050CE8E379C}.Release|x64.ActiveCfg = Release|Any CPU
		{88DEC7A0-333F-4BEB-9789-3050CE8E379C}.Release|x64.Build.0 = Release|Any CPU
		{88DEC7A0-333F-4BEB-9789-3050CE8E379C}.Release|x86.ActiveCfg = Release|Any CPU
		{88DEC7A0-333F-4BEB-9789-3050CE8E379C}.Release|x86.Build.0 = Release|Any CPU
		{95A3FB7A-00E9-4918-8992-A29D2A5A3B38}.Debug|Any CPU.ActiveCfg = Debug|Any CPU
		{95A3FB7A-00E9-4918-8992-A29D2A5A3B38}.Debug|Any CPU.Build.0 = Debug|Any CPU
		{95A3FB7A-00E9-4918-8992-A29D2A5A3B38}.Debug|x64.ActiveCfg = Debug|Any CPU
		{95A3FB7A-00E9-4918-8992-A29D2A5A3B38}.Debug|x64.Build.0 = Debug|Any CPU
		{95A3FB7A-00E9-4918-8992-A29D2A5A3B38}.Debug|x86.ActiveCfg = Debug|Any CPU
		{95A3FB7A-00E9-4918-8992-A29D2A5A3B38}.Debug|x86.Build.0 = Debug|Any CPU
		{95A3FB7A-00E9-4918-8992-A29D2A5A3B38}.Release|Any CPU.ActiveCfg = Release|Any CPU
		{95A3FB7A-00E9-4918-8992-A29D2A5A3B38}.Release|Any CPU.Build.0 = Release|Any CPU
		{95A3FB7A-00E9-4918-8992-A29D2A5A3B38}.Release|x64.ActiveCfg = Release|Any CPU
		{95A3FB7A-00E9-4918-8992-A29D2A5A3B38}.Release|x64.Build.0 = Release|Any CPU
		{95A3FB7A-00E9-4918-8992-A29D2A5A3B38}.Release|x86.ActiveCfg = Release|Any CPU
		{95A3FB7A-00E9-4918-8992-A29D2A5A3B38}.Release|x86.Build.0 = Release|Any CPU
		{DDA9DD17-7CC3-4ED8-8B3E-2D3D72A94732}.Debug|Any CPU.ActiveCfg = Debug|Any CPU
		{DDA9DD17-7CC3-4ED8-8B3E-2D3D72A94732}.Debug|Any CPU.Build.0 = Debug|Any CPU
		{DDA9DD17-7CC3-4ED8-8B3E-2D3D72A94732}.Debug|x64.ActiveCfg = Debug|Any CPU
		{DDA9DD17-7CC3-4ED8-8B3E-2D3D72A94732}.Debug|x64.Build.0 = Debug|Any CPU
		{DDA9DD17-7CC3-4ED8-8B3E-2D3D72A94732}.Debug|x86.ActiveCfg = Debug|Any CPU
		{DDA9DD17-7CC3-4ED8-8B3E-2D3D72A94732}.Debug|x86.Build.0 = Debug|Any CPU
		{DDA9DD17-7CC3-4ED8-8B3E-2D3D72A94732}.Release|Any CPU.ActiveCfg = Release|Any CPU
		{DDA9DD17-7CC3-4ED8-8B3E-2D3D72A94732}.Release|Any CPU.Build.0 = Release|Any CPU
		{DDA9DD17-7CC3-4ED8-8B3E-2D3D72A94732}.Release|x64.ActiveCfg = Release|Any CPU
		{DDA9DD17-7CC3-4ED8-8B3E-2D3D72A94732}.Release|x64.Build.0 = Release|Any CPU
		{DDA9DD17-7CC3-4ED8-8B3E-2D3D72A94732}.Release|x86.ActiveCfg = Release|Any CPU
		{DDA9DD17-7CC3-4ED8-8B3E-2D3D72A94732}.Release|x86.Build.0 = Release|Any CPU
		{5FDD4C20-05CA-43A7-A707-53FAD352A0AD}.Debug|Any CPU.ActiveCfg = Debug|Any CPU
		{5FDD4C20-05CA-43A7-A707-53FAD352A0AD}.Debug|Any CPU.Build.0 = Debug|Any CPU
		{5FDD4C20-05CA-43A7-A707-53FAD352A0AD}.Debug|x64.ActiveCfg = Debug|Any CPU
		{5FDD4C20-05CA-43A7-A707-53FAD352A0AD}.Debug|x64.Build.0 = Debug|Any CPU
		{5FDD4C20-05CA-43A7-A707-53FAD352A0AD}.Debug|x86.ActiveCfg = Debug|Any CPU
		{5FDD4C20-05CA-43A7-A707-53FAD352A0AD}.Debug|x86.Build.0 = Debug|Any CPU
		{5FDD4C20-05CA-43A7-A707-53FAD352A0AD}.Release|Any CPU.ActiveCfg = Release|Any CPU
		{5FDD4C20-05CA-43A7-A707-53FAD352A0AD}.Release|Any CPU.Build.0 = Release|Any CPU
		{5FDD4C20-05CA-43A7-A707-53FAD352A0AD}.Release|x64.ActiveCfg = Release|Any CPU
		{5FDD4C20-05CA-43A7-A707-53FAD352A0AD}.Release|x64.Build.0 = Release|Any CPU
		{5FDD4C20-05CA-43A7-A707-53FAD352A0AD}.Release|x86.ActiveCfg = Release|Any CPU
		{5FDD4C20-05CA-43A7-A707-53FAD352A0AD}.Release|x86.Build.0 = Release|Any CPU
		{5B1A02FF-1FC2-4990-8A77-0F27A46F4BA3}.Debug|Any CPU.ActiveCfg = Debug|Any CPU
		{5B1A02FF-1FC2-4990-8A77-0F27A46F4BA3}.Debug|Any CPU.Build.0 = Debug|Any CPU
		{5B1A02FF-1FC2-4990-8A77-0F27A46F4BA3}.Debug|x64.ActiveCfg = Debug|Any CPU
		{5B1A02FF-1FC2-4990-8A77-0F27A46F4BA3}.Debug|x64.Build.0 = Debug|Any CPU
		{5B1A02FF-1FC2-4990-8A77-0F27A46F4BA3}.Debug|x86.ActiveCfg = Debug|Any CPU
		{5B1A02FF-1FC2-4990-8A77-0F27A46F4BA3}.Debug|x86.Build.0 = Debug|Any CPU
		{5B1A02FF-1FC2-4990-8A77-0F27A46F4BA3}.Release|Any CPU.ActiveCfg = Release|Any CPU
		{5B1A02FF-1FC2-4990-8A77-0F27A46F4BA3}.Release|Any CPU.Build.0 = Release|Any CPU
		{5B1A02FF-1FC2-4990-8A77-0F27A46F4BA3}.Release|x64.ActiveCfg = Release|Any CPU
		{5B1A02FF-1FC2-4990-8A77-0F27A46F4BA3}.Release|x64.Build.0 = Release|Any CPU
		{5B1A02FF-1FC2-4990-8A77-0F27A46F4BA3}.Release|x86.ActiveCfg = Release|Any CPU
		{5B1A02FF-1FC2-4990-8A77-0F27A46F4BA3}.Release|x86.Build.0 = Release|Any CPU
		{9FC295EF-866F-4D7E-8A6D-84B638C3C3E3}.Debug|Any CPU.ActiveCfg = Debug|Any CPU
		{9FC295EF-866F-4D7E-8A6D-84B638C3C3E3}.Debug|Any CPU.Build.0 = Debug|Any CPU
		{9FC295EF-866F-4D7E-8A6D-84B638C3C3E3}.Debug|x64.ActiveCfg = Debug|Any CPU
		{9FC295EF-866F-4D7E-8A6D-84B638C3C3E3}.Debug|x64.Build.0 = Debug|Any CPU
		{9FC295EF-866F-4D7E-8A6D-84B638C3C3E3}.Debug|x86.ActiveCfg = Debug|Any CPU
		{9FC295EF-866F-4D7E-8A6D-84B638C3C3E3}.Debug|x86.Build.0 = Debug|Any CPU
		{9FC295EF-866F-4D7E-8A6D-84B638C3C3E3}.Release|Any CPU.ActiveCfg = Release|Any CPU
		{9FC295EF-866F-4D7E-8A6D-84B638C3C3E3}.Release|Any CPU.Build.0 = Release|Any CPU
		{9FC295EF-866F-4D7E-8A6D-84B638C3C3E3}.Release|x64.ActiveCfg = Release|Any CPU
		{9FC295EF-866F-4D7E-8A6D-84B638C3C3E3}.Release|x64.Build.0 = Release|Any CPU
		{9FC295EF-866F-4D7E-8A6D-84B638C3C3E3}.Release|x86.ActiveCfg = Release|Any CPU
		{9FC295EF-866F-4D7E-8A6D-84B638C3C3E3}.Release|x86.Build.0 = Release|Any CPU
		{E3A05F51-D4A4-48E7-8FBF-5DD8F493F60B}.Debug|Any CPU.ActiveCfg = Debug|Any CPU
		{E3A05F51-D4A4-48E7-8FBF-5DD8F493F60B}.Debug|Any CPU.Build.0 = Debug|Any CPU
		{E3A05F51-D4A4-48E7-8FBF-5DD8F493F60B}.Debug|x64.ActiveCfg = Debug|Any CPU
		{E3A05F51-D4A4-48E7-8FBF-5DD8F493F60B}.Debug|x64.Build.0 = Debug|Any CPU
		{E3A05F51-D4A4-48E7-8FBF-5DD8F493F60B}.Debug|x86.ActiveCfg = Debug|Any CPU
		{E3A05F51-D4A4-48E7-8FBF-5DD8F493F60B}.Debug|x86.Build.0 = Debug|Any CPU
		{E3A05F51-D4A4-48E7-8FBF-5DD8F493F60B}.Release|Any CPU.ActiveCfg = Release|Any CPU
		{E3A05F51-D4A4-48E7-8FBF-5DD8F493F60B}.Release|Any CPU.Build.0 = Release|Any CPU
		{E3A05F51-D4A4-48E7-8FBF-5DD8F493F60B}.Release|x64.ActiveCfg = Release|Any CPU
		{E3A05F51-D4A4-48E7-8FBF-5DD8F493F60B}.Release|x64.Build.0 = Release|Any CPU
		{E3A05F51-D4A4-48E7-8FBF-5DD8F493F60B}.Release|x86.ActiveCfg = Release|Any CPU
		{E3A05F51-D4A4-48E7-8FBF-5DD8F493F60B}.Release|x86.Build.0 = Release|Any CPU
		{4D862FF0-0667-400B-8E61-ED006BE890C2}.Debug|Any CPU.ActiveCfg = Debug|Any CPU
		{4D862FF0-0667-400B-8E61-ED006BE890C2}.Debug|Any CPU.Build.0 = Debug|Any CPU
		{4D862FF0-0667-400B-8E61-ED006BE890C2}.Debug|x64.ActiveCfg = Debug|Any CPU
		{4D862FF0-0667-400B-8E61-ED006BE890C2}.Debug|x64.Build.0 = Debug|Any CPU
		{4D862FF0-0667-400B-8E61-ED006BE890C2}.Debug|x86.ActiveCfg = Debug|Any CPU
		{4D862FF0-0667-400B-8E61-ED006BE890C2}.Debug|x86.Build.0 = Debug|Any CPU
		{4D862FF0-0667-400B-8E61-ED006BE890C2}.Release|Any CPU.ActiveCfg = Release|Any CPU
		{4D862FF0-0667-400B-8E61-ED006BE890C2}.Release|Any CPU.Build.0 = Release|Any CPU
		{4D862FF0-0667-400B-8E61-ED006BE890C2}.Release|x64.ActiveCfg = Release|Any CPU
		{4D862FF0-0667-400B-8E61-ED006BE890C2}.Release|x64.Build.0 = Release|Any CPU
		{4D862FF0-0667-400B-8E61-ED006BE890C2}.Release|x86.ActiveCfg = Release|Any CPU
		{4D862FF0-0667-400B-8E61-ED006BE890C2}.Release|x86.Build.0 = Release|Any CPU
	EndGlobalSection
	GlobalSection(SolutionProperties) = preSolution
		HideSolutionNode = FALSE
	EndGlobalSection
	GlobalSection(NestedProjects) = preSolution
		{574DF3E1-66E5-4279-BA63-0B2D719F98FD} = {0AB3BF05-4346-4AA6-1389-037BE0695223}
		{198C616D-E12B-4A2A-9077-FA0334710AC7} = {827E0CD3-B72D-47B6-A68D-7590B98EB39B}
		{9669D909-4BE0-4845-B060-C3B1F59FEDE1} = {827E0CD3-B72D-47B6-A68D-7590B98EB39B}
		{88DEC7A0-333F-4BEB-9789-3050CE8E379C} = {0AB3BF05-4346-4AA6-1389-037BE0695223}
		{95A3FB7A-00E9-4918-8992-A29D2A5A3B38} = {827E0CD3-B72D-47B6-A68D-7590B98EB39B}
		{DDA9DD17-7CC3-4ED8-8B3E-2D3D72A94732} = {827E0CD3-B72D-47B6-A68D-7590B98EB39B}
		{5FDD4C20-05CA-43A7-A707-53FAD352A0AD} = {0AB3BF05-4346-4AA6-1389-037BE0695223}
		{5B1A02FF-1FC2-4990-8A77-0F27A46F4BA3} = {827E0CD3-B72D-47B6-A68D-7590B98EB39B}
		{9FC295EF-866F-4D7E-8A6D-84B638C3C3E3} = {0AB3BF05-4346-4AA6-1389-037BE0695223}
		{E3A05F51-D4A4-48E7-8FBF-5DD8F493F60B} = {827E0CD3-B72D-47B6-A68D-7590B98EB39B}
		{4D862FF0-0667-400B-8E61-ED006BE890C2} = {0AB3BF05-4346-4AA6-1389-037BE0695223}
	EndGlobalSection
EndGlobal
